
Microsoft Visual Studio Solution File, Format Version 12.00
# Visual Studio 14
VisualStudioVersion = 14.0.24720.0
MinimumVisualStudioVersion = 10.0.40219.1
Project("{FAE04EC0-301F-11D3-BF4B-00C04F79EFBC}") = "Lemon.Core", "Lemon.Core\Lemon.Core.csproj", "{1BB44DA3-1DF4-4D5C-AF87-0DAB837CBBA6}"
EndProject
Project("{FAE04EC0-301F-11D3-BF4B-00C04F79EFBC}") = "eas.discover", "Samples.msdn.discover\eas.discover.csproj", "{C2D0B46A-DF9E-42E5-8C3F-D49096B77128}"
EndProject
Project("{FAE04EC0-301F-11D3-BF4B-00C04F79EFBC}") = "Lemon.Storage", "Lemon.Storage\Lemon.Storage.csproj", "{B69F98AF-71C5-46A5-B271-9889A2A48A40}"
EndProject
Project("{FAE04EC0-301F-11D3-BF4B-00C04F79EFBC}") = "eas.download", "Samples.msdn.download\eas.download.csproj", "{03DEC3C4-8F68-4654-80C6-4E336C3AA116}"
EndProject
Project("{FAE04EC0-301F-11D3-BF4B-00C04F79EFBC}") = "eas.normalize", "Samples.msdn.normalize\eas.normalize.csproj", "{FD757376-8DB8-45D6-B2C0-9B1C3441CA02}"
EndProject
Project("{FAE04EC0-301F-11D3-BF4B-00C04F79EFBC}") = "eas.modules", "Example.Modules\eas.modules.csproj", "{5884ECA0-9CE4-4D75-8AF9-463E898C5540}"
EndProject
Project("{2150E333-8FDC-42A3-9474-1A3956D46DE8}") = "Easy Analysis", "Easy Analysis", "{39B80122-FC17-4C70-B567-7E16E3A995C9}"
EndProject
Project("{FAE04EC0-301F-11D3-BF4B-00C04F79EFBC}") = "eas.modules.tests", "eas.modules.tests\eas.modules.tests.csproj", "{9063D8CF-346E-43B7-BDAB-0E5469007997}"
EndProject
Project("{FAE04EC0-301F-11D3-BF4B-00C04F79EFBC}") = "Lemon.Transform", "Lemon.Transform\Lemon.Transform.csproj", "{1A0E7840-4D1D-4226-8931-C1DAEDEAE0D5}"
EndProject
Project("{FAE04EC0-301F-11D3-BF4B-00C04F79EFBC}") = "eas.restapi", "eas.restapi\eas.restapi.csproj", "{E8B45BF9-416C-4F02-ACC8-7EF02FE9ED09}"
EndProject
Global
	GlobalSection(SolutionConfigurationPlatforms) = preSolution
		Debug|Any CPU = Debug|Any CPU
		Release|Any CPU = Release|Any CPU
	EndGlobalSection
	GlobalSection(ProjectConfigurationPlatforms) = postSolution
		{1BB44DA3-1DF4-4D5C-AF87-0DAB837CBBA6}.Debug|Any CPU.ActiveCfg = Debug|Any CPU
		{1BB44DA3-1DF4-4D5C-AF87-0DAB837CBBA6}.Debug|Any CPU.Build.0 = Debug|Any CPU
		{1BB44DA3-1DF4-4D5C-AF87-0DAB837CBBA6}.Release|Any CPU.ActiveCfg = Release|Any CPU
		{1BB44DA3-1DF4-4D5C-AF87-0DAB837CBBA6}.Release|Any CPU.Build.0 = Release|Any CPU
		{C2D0B46A-DF9E-42E5-8C3F-D49096B77128}.Debug|Any CPU.ActiveCfg = Debug|Any CPU
		{C2D0B46A-DF9E-42E5-8C3F-D49096B77128}.Debug|Any CPU.Build.0 = Debug|Any CPU
		{C2D0B46A-DF9E-42E5-8C3F-D49096B77128}.Release|Any CPU.ActiveCfg = Release|Any CPU
		{C2D0B46A-DF9E-42E5-8C3F-D49096B77128}.Release|Any CPU.Build.0 = Release|Any CPU
		{B69F98AF-71C5-46A5-B271-9889A2A48A40}.Debug|Any CPU.ActiveCfg = Debug|Any CPU
		{B69F98AF-71C5-46A5-B271-9889A2A48A40}.Debug|Any CPU.Build.0 = Debug|Any CPU
		{B69F98AF-71C5-46A5-B271-9889A2A48A40}.Release|Any CPU.ActiveCfg = Release|Any CPU
		{B69F98AF-71C5-46A5-B271-9889A2A48A40}.Release|Any CPU.Build.0 = Release|Any CPU
		{03DEC3C4-8F68-4654-80C6-4E336C3AA116}.Debug|Any CPU.ActiveCfg = Debug|Any CPU
		{03DEC3C4-8F68-4654-80C6-4E336C3AA116}.Debug|Any CPU.Build.0 = Debug|Any CPU
		{03DEC3C4-8F68-4654-80C6-4E336C3AA116}.Release|Any CPU.ActiveCfg = Release|Any CPU
		{03DEC3C4-8F68-4654-80C6-4E336C3AA116}.Release|Any CPU.Build.0 = Release|Any CPU
		{FD757376-8DB8-45D6-B2C0-9B1C3441CA02}.Debug|Any CPU.ActiveCfg = Debug|Any CPU
		{FD757376-8DB8-45D6-B2C0-9B1C3441CA02}.Debug|Any CPU.Build.0 = Debug|Any CPU
		{FD757376-8DB8-45D6-B2C0-9B1C3441CA02}.Release|Any CPU.ActiveCfg = Release|Any CPU
		{FD757376-8DB8-45D6-B2C0-9B1C3441CA02}.Release|Any CPU.Build.0 = Release|Any CPU
		{5884ECA0-9CE4-4D75-8AF9-463E898C5540}.Debug|Any CPU.ActiveCfg = Debug|Any CPU
		{5884ECA0-9CE4-4D75-8AF9-463E898C5540}.Debug|Any CPU.Build.0 = Debug|Any CPU
		{5884ECA0-9CE4-4D75-8AF9-463E898C5540}.Release|Any CPU.ActiveCfg = Release|Any CPU
		{5884ECA0-9CE4-4D75-8AF9-463E898C5540}.Release|Any CPU.Build.0 = Release|Any CPU
		{9063D8CF-346E-43B7-BDAB-0E5469007997}.Debug|Any CPU.ActiveCfg = Debug|Any CPU
		{9063D8CF-346E-43B7-BDAB-0E5469007997}.Debug|Any CPU.Build.0 = Debug|Any CPU
		{9063D8CF-346E-43B7-BDAB-0E5469007997}.Release|Any CPU.ActiveCfg = Release|Any CPU
		{9063D8CF-346E-43B7-BDAB-0E5469007997}.Release|Any CPU.Build.0 = Release|Any CPU
		{1A0E7840-4D1D-4226-8931-C1DAEDEAE0D5}.Debug|Any CPU.ActiveCfg = Debug|Any CPU
		{1A0E7840-4D1D-4226-8931-C1DAEDEAE0D5}.Debug|Any CPU.Build.0 = Debug|Any CPU
		{1A0E7840-4D1D-4226-8931-C1DAEDEAE0D5}.Release|Any CPU.ActiveCfg = Release|Any CPU
		{1A0E7840-4D1D-4226-8931-C1DAEDEAE0D5}.Release|Any CPU.Build.0 = Release|Any CPU
		{E8B45BF9-416C-4F02-ACC8-7EF02FE9ED09}.Debug|Any CPU.ActiveCfg = Debug|Any CPU
		{E8B45BF9-416C-4F02-ACC8-7EF02FE9ED09}.Debug|Any CPU.Build.0 = Debug|Any CPU
		{E8B45BF9-416C-4F02-ACC8-7EF02FE9ED09}.Release|Any CPU.ActiveCfg = Release|Any CPU
		{E8B45BF9-416C-4F02-ACC8-7EF02FE9ED09}.Release|Any CPU.Build.0 = Release|Any CPU
	EndGlobalSection
	GlobalSection(SolutionProperties) = preSolution
		HideSolutionNode = FALSE
	EndGlobalSection
	GlobalSection(NestedProjects) = preSolution
		{C2D0B46A-DF9E-42E5-8C3F-D49096B77128} = {39B80122-FC17-4C70-B567-7E16E3A995C9}
		{03DEC3C4-8F68-4654-80C6-4E336C3AA116} = {39B80122-FC17-4C70-B567-7E16E3A995C9}
		{FD757376-8DB8-45D6-B2C0-9B1C3441CA02} = {39B80122-FC17-4C70-B567-7E16E3A995C9}
		{5884ECA0-9CE4-4D75-8AF9-463E898C5540} = {39B80122-FC17-4C70-B567-7E16E3A995C9}
		{9063D8CF-346E-43B7-BDAB-0E5469007997} = {39B80122-FC17-4C70-B567-7E16E3A995C9}
		{E8B45BF9-416C-4F02-ACC8-7EF02FE9ED09} = {39B80122-FC17-4C70-B567-7E16E3A995C9}
	EndGlobalSection
EndGlobal
