
Microsoft Visual Studio Solution File, Format Version 12.00
# Visual Studio 14
VisualStudioVersion = 14.0.24720.0
MinimumVisualStudioVersion = 10.0.40219.1
Project("{FAE04EC0-301F-11D3-BF4B-00C04F79EFBC}") = "Lemon.Transform", "Lemon.Transform\Lemon.Transform.csproj", "{1A0E7840-4D1D-4226-8931-C1DAEDEAE0D5}"
EndProject
Project("{2150E333-8FDC-42A3-9474-1A3956D46DE8}") = "tests", "tests", "{C622153A-F255-4487-8B1E-F879A2E9C258}"
EndProject
Project("{FAE04EC0-301F-11D3-BF4B-00C04F79EFBC}") = "Lemon.Transform.Tests", "Lemon.Transform.Tests\Lemon.Transform.Tests.csproj", "{D9B686B8-2CA8-4DD3-A42A-0B1D323D6EF6}"
EndProject
Project("{2150E333-8FDC-42A3-9474-1A3956D46DE8}") = "demos", "demos", "{536E12EC-EDE1-46B3-A595-F877CA6F1D82}"
EndProject
Project("{FAE04EC0-301F-11D3-BF4B-00C04F79EFBC}") = "Demo001", "Demo001\Demo001.csproj", "{7D11A52B-865A-4969-8ED9-E2E047574770}"
EndProject
Project("{FAE04EC0-301F-11D3-BF4B-00C04F79EFBC}") = "Lemon.Transform.Extension", "Lemon.Transform.Extension\Lemon.Transform.Extension.csproj", "{768FFF5D-2692-49CA-87B7-D1FC71926157}"
EndProject
Global
	GlobalSection(SolutionConfigurationPlatforms) = preSolution
		Debug|Any CPU = Debug|Any CPU
		Release|Any CPU = Release|Any CPU
	EndGlobalSection
	GlobalSection(ProjectConfigurationPlatforms) = postSolution
		{1A0E7840-4D1D-4226-8931-C1DAEDEAE0D5}.Debug|Any CPU.ActiveCfg = Debug|Any CPU
		{1A0E7840-4D1D-4226-8931-C1DAEDEAE0D5}.Debug|Any CPU.Build.0 = Debug|Any CPU
		{1A0E7840-4D1D-4226-8931-C1DAEDEAE0D5}.Release|Any CPU.ActiveCfg = Release|Any CPU
		{1A0E7840-4D1D-4226-8931-C1DAEDEAE0D5}.Release|Any CPU.Build.0 = Release|Any CPU
		{D9B686B8-2CA8-4DD3-A42A-0B1D323D6EF6}.Debug|Any CPU.ActiveCfg = Debug|Any CPU
		{D9B686B8-2CA8-4DD3-A42A-0B1D323D6EF6}.Debug|Any CPU.Build.0 = Debug|Any CPU
		{D9B686B8-2CA8-4DD3-A42A-0B1D323D6EF6}.Release|Any CPU.ActiveCfg = Release|Any CPU
		{D9B686B8-2CA8-4DD3-A42A-0B1D323D6EF6}.Release|Any CPU.Build.0 = Release|Any CPU
		{7D11A52B-865A-4969-8ED9-E2E047574770}.Debug|Any CPU.ActiveCfg = Debug|Any CPU
		{7D11A52B-865A-4969-8ED9-E2E047574770}.Debug|Any CPU.Build.0 = Debug|Any CPU
		{7D11A52B-865A-4969-8ED9-E2E047574770}.Release|Any CPU.ActiveCfg = Release|Any CPU
		{7D11A52B-865A-4969-8ED9-E2E047574770}.Release|Any CPU.Build.0 = Release|Any CPU
		{768FFF5D-2692-49CA-87B7-D1FC71926157}.Debug|Any CPU.ActiveCfg = Debug|Any CPU
		{768FFF5D-2692-49CA-87B7-D1FC71926157}.Debug|Any CPU.Build.0 = Debug|Any CPU
		{768FFF5D-2692-49CA-87B7-D1FC71926157}.Release|Any CPU.ActiveCfg = Release|Any CPU
		{768FFF5D-2692-49CA-87B7-D1FC71926157}.Release|Any CPU.Build.0 = Release|Any CPU
	EndGlobalSection
	GlobalSection(SolutionProperties) = preSolution
		HideSolutionNode = FALSE
	EndGlobalSection
	GlobalSection(NestedProjects) = preSolution
		{D9B686B8-2CA8-4DD3-A42A-0B1D323D6EF6} = {C622153A-F255-4487-8B1E-F879A2E9C258}
		{7D11A52B-865A-4969-8ED9-E2E047574770} = {536E12EC-EDE1-46B3-A595-F877CA6F1D82}
	EndGlobalSection
EndGlobal
